
Microsoft Visual Studio Solution File, Format Version 12.00
# Visual Studio Version 16
VisualStudioVersion = 16.0.31112.23
MinimumVisualStudioVersion = 10.0.40219.1
Project("{FAE04EC0-301F-11D3-BF4B-00C04F79EFBC}") = "Entities", "Entities\Entities.csproj", "{9B2A6300-6BFA-4E41-A171-272E3B299FB4}"
EndProject
Project("{FAE04EC0-301F-11D3-BF4B-00C04F79EFBC}") = "DataAccess", "DataAccess\DataAccess.csproj", "{603DF739-3232-43BD-9248-BB6CE209D907}"
EndProject
Project("{FAE04EC0-301F-11D3-BF4B-00C04F79EFBC}") = "Business", "Business\Business.csproj", "{87535803-F016-4F62-9A36-C7BD9D3FDA77}"
EndProject
Project("{FAE04EC0-301F-11D3-BF4B-00C04F79EFBC}") = "Core", "Core\Core.csproj", "{2FDC2647-1683-48BC-9555-B97271380EB9}"
EndProject
Project("{FAE04EC0-301F-11D3-BF4B-00C04F79EFBC}") = "ConsoleUI", "Console\ConsoleUI.csproj", "{88B15F92-926B-401D-BD06-69AA67F6DE7E}"
EndProject
Global
	GlobalSection(SolutionConfigurationPlatforms) = preSolution
		Debug|Any CPU = Debug|Any CPU
		Release|Any CPU = Release|Any CPU
	EndGlobalSection
	GlobalSection(ProjectConfigurationPlatforms) = postSolution
		{9B2A6300-6BFA-4E41-A171-272E3B299FB4}.Debug|Any CPU.ActiveCfg = Debug|Any CPU
		{9B2A6300-6BFA-4E41-A171-272E3B299FB4}.Debug|Any CPU.Build.0 = Debug|Any CPU
		{9B2A6300-6BFA-4E41-A171-272E3B299FB4}.Release|Any CPU.ActiveCfg = Release|Any CPU
		{9B2A6300-6BFA-4E41-A171-272E3B299FB4}.Release|Any CPU.Build.0 = Release|Any CPU
		{603DF739-3232-43BD-9248-BB6CE209D907}.Debug|Any CPU.ActiveCfg = Debug|Any CPU
		{603DF739-3232-43BD-9248-BB6CE209D907}.Debug|Any CPU.Build.0 = Debug|Any CPU
		{603DF739-3232-43BD-9248-BB6CE209D907}.Release|Any CPU.ActiveCfg = Release|Any CPU
		{603DF739-3232-43BD-9248-BB6CE209D907}.Release|Any CPU.Build.0 = Release|Any CPU
		{87535803-F016-4F62-9A36-C7BD9D3FDA77}.Debug|Any CPU.ActiveCfg = Debug|Any CPU
		{87535803-F016-4F62-9A36-C7BD9D3FDA77}.Debug|Any CPU.Build.0 = Debug|Any CPU
		{87535803-F016-4F62-9A36-C7BD9D3FDA77}.Release|Any CPU.ActiveCfg = Release|Any CPU
		{87535803-F016-4F62-9A36-C7BD9D3FDA77}.Release|Any CPU.Build.0 = Release|Any CPU
		{2FDC2647-1683-48BC-9555-B97271380EB9}.Debug|Any CPU.ActiveCfg = Debug|Any CPU
		{2FDC2647-1683-48BC-9555-B97271380EB9}.Debug|Any CPU.Build.0 = Debug|Any CPU
		{2FDC2647-1683-48BC-9555-B97271380EB9}.Release|Any CPU.ActiveCfg = Release|Any CPU
		{2FDC2647-1683-48BC-9555-B97271380EB9}.Release|Any CPU.Build.0 = Release|Any CPU
		{88B15F92-926B-401D-BD06-69AA67F6DE7E}.Debug|Any CPU.ActiveCfg = Debug|Any CPU
		{88B15F92-926B-401D-BD06-69AA67F6DE7E}.Debug|Any CPU.Build.0 = Debug|Any CPU
		{88B15F92-926B-401D-BD06-69AA67F6DE7E}.Release|Any CPU.ActiveCfg = Release|Any CPU
		{88B15F92-926B-401D-BD06-69AA67F6DE7E}.Release|Any CPU.Build.0 = Release|Any CPU
	EndGlobalSection
	GlobalSection(SolutionProperties) = preSolution
		HideSolutionNode = FALSE
	EndGlobalSection
	GlobalSection(ExtensibilityGlobals) = postSolution
		SolutionGuid = {0B5990D4-D45D-4E01-BE05-DC63DEA3ADE6}
	EndGlobalSection
EndGlobal
